// !$*UTF8*$!
{
	archiveVersion = 1;
	classes = {
	};
	objectVersion = 77;
	objects = {

/* Begin PBXContainerItemProxy section */
		5012EE722D67A3C70046DEC2 /* PBXContainerItemProxy */ = {
			isa = PBXContainerItemProxy;
			containerPortal = 5012EE592D67A3C40046DEC2 /* Project object */;
			proxyType = 1;
			remoteGlobalIDString = 5012EE602D67A3C50046DEC2;
			remoteInfo = vitesse;
		};
		5012EE7C2D67A3C70046DEC2 /* PBXContainerItemProxy */ = {
			isa = PBXContainerItemProxy;
			containerPortal = 5012EE592D67A3C40046DEC2 /* Project object */;
			proxyType = 1;
			remoteGlobalIDString = 5012EE602D67A3C50046DEC2;
			remoteInfo = vitesse;
		};
/* End PBXContainerItemProxy section */

/* Begin PBXFileReference section */
		5012EE612D67A3C50046DEC2 /* vitesse.app */ = {isa = PBXFileReference; explicitFileType = wrapper.application; includeInIndex = 0; path = vitesse.app; sourceTree = BUILT_PRODUCTS_DIR; };
		5012EE712D67A3C70046DEC2 /* vitesseTests.xctest */ = {isa = PBXFileReference; explicitFileType = wrapper.cfbundle; includeInIndex = 0; path = vitesseTests.xctest; sourceTree = BUILT_PRODUCTS_DIR; };
		5012EE7B2D67A3C70046DEC2 /* vitesseUITests.xctest */ = {isa = PBXFileReference; explicitFileType = wrapper.cfbundle; includeInIndex = 0; path = vitesseUITests.xctest; sourceTree = BUILT_PRODUCTS_DIR; };
/* End PBXFileReference section */

/* Begin PBXFileSystemSynchronizedRootGroup section */
		5012EE632D67A3C50046DEC2 /* vitesse */ = {
			isa = PBXFileSystemSynchronizedRootGroup;
			path = vitesse;
			sourceTree = "<group>";
		};
		5012EE742D67A3C70046DEC2 /* vitesseTests */ = {
			isa = PBXFileSystemSynchronizedRootGroup;
			path = vitesseTests;
			sourceTree = "<group>";
		};
		5012EE7E2D67A3C70046DEC2 /* vitesseUITests */ = {
			isa = PBXFileSystemSynchronizedRootGroup;
			path = vitesseUITests;
			sourceTree = "<group>";
		};
/* End PBXFileSystemSynchronizedRootGroup section */

/* Begin PBXFrameworksBuildPhase section */
		5012EE5E2D67A3C50046DEC2 /* Frameworks */ = {
			isa = PBXFrameworksBuildPhase;
			buildActionMask = 2147483647;
			files = (
			);
			runOnlyForDeploymentPostprocessing = 0;
		};
		5012EE6E2D67A3C70046DEC2 /* Frameworks */ = {
			isa = PBXFrameworksBuildPhase;
			buildActionMask = 2147483647;
			files = (
			);
			runOnlyForDeploymentPostprocessing = 0;
		};
		5012EE782D67A3C70046DEC2 /* Frameworks */ = {
			isa = PBXFrameworksBuildPhase;
			buildActionMask = 2147483647;
			files = (
			);
			runOnlyForDeploymentPostprocessing = 0;
		};
/* End PBXFrameworksBuildPhase section */

/* Begin PBXGroup section */
		5012EE582D67A3C40046DEC2 = {
			isa = PBXGroup;
			children = (
				5012EE632D67A3C50046DEC2 /* vitesse */,
				5012EE742D67A3C70046DEC2 /* vitesseTests */,
				5012EE7E2D67A3C70046DEC2 /* vitesseUITests */,
				5012EE622D67A3C50046DEC2 /* Products */,
			);
			sourceTree = "<group>";
		};
		5012EE622D67A3C50046DEC2 /* Products */ = {
			isa = PBXGroup;
			children = (
				5012EE612D67A3C50046DEC2 /* vitesse.app */,
				5012EE712D67A3C70046DEC2 /* vitesseTests.xctest */,
				5012EE7B2D67A3C70046DEC2 /* vitesseUITests.xctest */,
			);
			name = Products;
			sourceTree = "<group>";
		};
/* End PBXGroup section */

/* Begin PBXNativeTarget section */
		5012EE602D67A3C50046DEC2 /* vitesse */ = {
			isa = PBXNativeTarget;
			buildConfigurationList = 5012EE852D67A3C70046DEC2 /* Build configuration list for PBXNativeTarget "vitesse" */;
			buildPhases = (
				5012EE5D2D67A3C50046DEC2 /* Sources */,
				5012EE5E2D67A3C50046DEC2 /* Frameworks */,
				5012EE5F2D67A3C50046DEC2 /* Resources */,
			);
			buildRules = (
			);
			dependencies = (
			);
			fileSystemSynchronizedGroups = (
				5012EE632D67A3C50046DEC2 /* vitesse */,
			);
			name = vitesse;
			packageProductDependencies = (
			);
			productName = vitesse;
			productReference = 5012EE612D67A3C50046DEC2 /* vitesse.app */;
			productType = "com.apple.product-type.application";
		};
		5012EE702D67A3C70046DEC2 /* vitesseTests */ = {
			isa = PBXNativeTarget;
			buildConfigurationList = 5012EE882D67A3C70046DEC2 /* Build configuration list for PBXNativeTarget "vitesseTests" */;
			buildPhases = (
				5012EE6D2D67A3C70046DEC2 /* Sources */,
				5012EE6E2D67A3C70046DEC2 /* Frameworks */,
				5012EE6F2D67A3C70046DEC2 /* Resources */,
			);
			buildRules = (
			);
			dependencies = (
				5012EE732D67A3C70046DEC2 /* PBXTargetDependency */,
			);
			fileSystemSynchronizedGroups = (
				5012EE742D67A3C70046DEC2 /* vitesseTests */,
			);
			name = vitesseTests;
			packageProductDependencies = (
			);
			productName = vitesseTests;
			productReference = 5012EE712D67A3C70046DEC2 /* vitesseTests.xctest */;
			productType = "com.apple.product-type.bundle.unit-test";
		};
		5012EE7A2D67A3C70046DEC2 /* vitesseUITests */ = {
			isa = PBXNativeTarget;
			buildConfigurationList = 5012EE8B2D67A3C70046DEC2 /* Build configuration list for PBXNativeTarget "vitesseUITests" */;
			buildPhases = (
				5012EE772D67A3C70046DEC2 /* Sources */,
				5012EE782D67A3C70046DEC2 /* Frameworks */,
				5012EE792D67A3C70046DEC2 /* Resources */,
			);
			buildRules = (
			);
			dependencies = (
				5012EE7D2D67A3C70046DEC2 /* PBXTargetDependency */,
			);
			fileSystemSynchronizedGroups = (
				5012EE7E2D67A3C70046DEC2 /* vitesseUITests */,
			);
			name = vitesseUITests;
			packageProductDependencies = (
			);
			productName = vitesseUITests;
			productReference = 5012EE7B2D67A3C70046DEC2 /* vitesseUITests.xctest */;
			productType = "com.apple.product-type.bundle.ui-testing";
		};
/* End PBXNativeTarget section */

/* Begin PBXProject section */
		5012EE592D67A3C40046DEC2 /* Project object */ = {
			isa = PBXProject;
			attributes = {
				BuildIndependentTargetsInParallel = 1;
				LastSwiftUpdateCheck = 1620;
				LastUpgradeCheck = 1620;
				TargetAttributes = {
					5012EE602D67A3C50046DEC2 = {
						CreatedOnToolsVersion = 16.2;
					};
					5012EE702D67A3C70046DEC2 = {
						CreatedOnToolsVersion = 16.2;
						TestTargetID = 5012EE602D67A3C50046DEC2;
					};
					5012EE7A2D67A3C70046DEC2 = {
						CreatedOnToolsVersion = 16.2;
						TestTargetID = 5012EE602D67A3C50046DEC2;
					};
				};
			};
			buildConfigurationList = 5012EE5C2D67A3C40046DEC2 /* Build configuration list for PBXProject "vitesse" */;
			developmentRegion = en;
			hasScannedForEncodings = 0;
			knownRegions = (
				en,
				Base,
			);
			mainGroup = 5012EE582D67A3C40046DEC2;
			minimizedProjectReferenceProxies = 1;
			preferredProjectObjectVersion = 77;
			productRefGroup = 5012EE622D67A3C50046DEC2 /* Products */;
			projectDirPath = "";
			projectRoot = "";
			targets = (
				5012EE602D67A3C50046DEC2 /* vitesse */,
				5012EE702D67A3C70046DEC2 /* vitesseTests */,
				5012EE7A2D67A3C70046DEC2 /* vitesseUITests */,
			);
		};
/* End PBXProject section */

/* Begin PBXResourcesBuildPhase section */
		5012EE5F2D67A3C50046DEC2 /* Resources */ = {
			isa = PBXResourcesBuildPhase;
			buildActionMask = 2147483647;
			files = (
			);
			runOnlyForDeploymentPostprocessing = 0;
		};
		5012EE6F2D67A3C70046DEC2 /* Resources */ = {
			isa = PBXResourcesBuildPhase;
			buildActionMask = 2147483647;
			files = (
			);
			runOnlyForDeploymentPostprocessing = 0;
		};
		5012EE792D67A3C70046DEC2 /* Resources */ = {
			isa = PBXResourcesBuildPhase;
			buildActionMask = 2147483647;
			files = (
			);
			runOnlyForDeploymentPostprocessing = 0;
		};
/* End PBXResourcesBuildPhase section */

/* Begin PBXSourcesBuildPhase section */
		5012EE5D2D67A3C50046DEC2 /* Sources */ = {
			isa = PBXSourcesBuildPhase;
			buildActionMask = 2147483647;
			files = (
			);
			runOnlyForDeploymentPostprocessing = 0;
		};
		5012EE6D2D67A3C70046DEC2 /* Sources */ = {
			isa = PBXSourcesBuildPhase;
			buildActionMask = 2147483647;
			files = (
			);
			runOnlyForDeploymentPostprocessing = 0;
		};
		5012EE772D67A3C70046DEC2 /* Sources */ = {
			isa = PBXSourcesBuildPhase;
			buildActionMask = 2147483647;
			files = (
			);
			runOnlyForDeploymentPostprocessing = 0;
		};
/* End PBXSourcesBuildPhase section */

/* Begin PBXTargetDependency section */
		5012EE732D67A3C70046DEC2 /* PBXTargetDependency */ = {
			isa = PBXTargetDependency;
			target = 5012EE602D67A3C50046DEC2 /* vitesse */;
			targetProxy = 5012EE722D67A3C70046DEC2 /* PBXContainerItemProxy */;
		};
		5012EE7D2D67A3C70046DEC2 /* PBXTargetDependency */ = {
			isa = PBXTargetDependency;
			target = 5012EE602D67A3C50046DEC2 /* vitesse */;
			targetProxy = 5012EE7C2D67A3C70046DEC2 /* PBXContainerItemProxy */;
		};
/* End PBXTargetDependency section */

/* Begin XCBuildConfiguration section */
		5012EE832D67A3C70046DEC2 /* Debug */ = {
			isa = XCBuildConfiguration;
			buildSettings = {
				ALWAYS_SEARCH_USER_PATHS = NO;
				ASSETCATALOG_COMPILER_GENERATE_SWIFT_ASSET_SYMBOL_EXTENSIONS = YES;
				CLANG_ANALYZER_NONNULL = YES;
				CLANG_ANALYZER_NUMBER_OBJECT_CONVERSION = YES_AGGRESSIVE;
				CLANG_CXX_LANGUAGE_STANDARD = "gnu++20";
				CLANG_ENABLE_MODULES = YES;
				CLANG_ENABLE_OBJC_ARC = YES;
				CLANG_ENABLE_OBJC_WEAK = YES;
				CLANG_WARN_BLOCK_CAPTURE_AUTORELEASING = YES;
				CLANG_WARN_BOOL_CONVERSION = YES;
				CLANG_WARN_COMMA = YES;
				CLANG_WARN_CONSTANT_CONVERSION = YES;
				CLANG_WARN_DEPRECATED_OBJC_IMPLEMENTATIONS = YES;
				CLANG_WARN_DIRECT_OBJC_ISA_USAGE = YES_ERROR;
				CLANG_WARN_DOCUMENTATION_COMMENTS = YES;
				CLANG_WARN_EMPTY_BODY = YES;
				CLANG_WARN_ENUM_CONVERSION = YES;
				CLANG_WARN_INFINITE_RECURSION = YES;
				CLANG_WARN_INT_CONVERSION = YES;
				CLANG_WARN_NON_LITERAL_NULL_CONVERSION = YES;
				CLANG_WARN_OBJC_IMPLICIT_RETAIN_SELF = YES;
				CLANG_WARN_OBJC_LITERAL_CONVERSION = YES;
				CLANG_WARN_OBJC_ROOT_CLASS = YES_ERROR;
				CLANG_WARN_QUOTED_INCLUDE_IN_FRAMEWORK_HEADER = YES;
				CLANG_WARN_RANGE_LOOP_ANALYSIS = YES;
				CLANG_WARN_STRICT_PROTOTYPES = YES;
				CLANG_WARN_SUSPICIOUS_MOVE = YES;
				CLANG_WARN_UNGUARDED_AVAILABILITY = YES_AGGRESSIVE;
				CLANG_WARN_UNREACHABLE_CODE = YES;
				CLANG_WARN__DUPLICATE_METHOD_MATCH = YES;
				COPY_PHASE_STRIP = NO;
				DEBUG_INFORMATION_FORMAT = dwarf;
				ENABLE_STRICT_OBJC_MSGSEND = YES;
				ENABLE_TESTABILITY = YES;
				ENABLE_USER_SCRIPT_SANDBOXING = YES;
				GCC_C_LANGUAGE_STANDARD = gnu17;
				GCC_DYNAMIC_NO_PIC = NO;
				GCC_NO_COMMON_BLOCKS = YES;
				GCC_OPTIMIZATION_LEVEL = 0;
				GCC_PREPROCESSOR_DEFINITIONS = (
					"DEBUG=1",
					"$(inherited)",
				);
				GCC_WARN_64_TO_32_BIT_CONVERSION = YES;
				GCC_WARN_ABOUT_RETURN_TYPE = YES_ERROR;
				GCC_WARN_UNDECLARED_SELECTOR = YES;
				GCC_WARN_UNINITIALIZED_AUTOS = YES_AGGRESSIVE;
				GCC_WARN_UNUSED_FUNCTION = YES;
				GCC_WARN_UNUSED_VARIABLE = YES;
				IPHONEOS_DEPLOYMENT_TARGET = 18.2;
				LOCALIZATION_PREFERS_STRING_CATALOGS = YES;
				MTL_ENABLE_DEBUG_INFO = INCLUDE_SOURCE;
				MTL_FAST_MATH = YES;
				ONLY_ACTIVE_ARCH = YES;
				SDKROOT = iphoneos;
				SWIFT_ACTIVE_COMPILATION_CONDITIONS = "DEBUG $(inherited)";
				SWIFT_OPTIMIZATION_LEVEL = "-Onone";
			};
			name = Debug;
		};
		5012EE842D67A3C70046DEC2 /* Release */ = {
			isa = XCBuildConfiguration;
			buildSettings = {
				ALWAYS_SEARCH_USER_PATHS = NO;
				ASSETCATALOG_COMPILER_GENERATE_SWIFT_ASSET_SYMBOL_EXTENSIONS = YES;
				CLANG_ANALYZER_NONNULL = YES;
				CLANG_ANALYZER_NUMBER_OBJECT_CONVERSION = YES_AGGRESSIVE;
				CLANG_CXX_LANGUAGE_STANDARD = "gnu++20";
				CLANG_ENABLE_MODULES = YES;
				CLANG_ENABLE_OBJC_ARC = YES;
				CLANG_ENABLE_OBJC_WEAK = YES;
				CLANG_WARN_BLOCK_CAPTURE_AUTORELEASING = YES;
				CLANG_WARN_BOOL_CONVERSION = YES;
				CLANG_WARN_COMMA = YES;
				CLANG_WARN_CONSTANT_CONVERSION = YES;
				CLANG_WARN_DEPRECATED_OBJC_IMPLEMENTATIONS = YES;
				CLANG_WARN_DIRECT_OBJC_ISA_USAGE = YES_ERROR;
				CLANG_WARN_DOCUMENTATION_COMMENTS = YES;
				CLANG_WARN_EMPTY_BODY = YES;
				CLANG_WARN_ENUM_CONVERSION = YES;
				CLANG_WARN_INFINITE_RECURSION = YES;
				CLANG_WARN_INT_CONVERSION = YES;
				CLANG_WARN_NON_LITERAL_NULL_CONVERSION = YES;
				CLANG_WARN_OBJC_IMPLICIT_RETAIN_SELF = YES;
				CLANG_WARN_OBJC_LITERAL_CONVERSION = YES;
				CLANG_WARN_OBJC_ROOT_CLASS = YES_ERROR;
				CLANG_WARN_QUOTED_INCLUDE_IN_FRAMEWORK_HEADER = YES;
				CLANG_WARN_RANGE_LOOP_ANALYSIS = YES;
				CLANG_WARN_STRICT_PROTOTYPES = YES;
				CLANG_WARN_SUSPICIOUS_MOVE = YES;
				CLANG_WARN_UNGUARDED_AVAILABILITY = YES_AGGRESSIVE;
				CLANG_WARN_UNREACHABLE_CODE = YES;
				CLANG_WARN__DUPLICATE_METHOD_MATCH = YES;
				COPY_PHASE_STRIP = NO;
				DEBUG_INFORMATION_FORMAT = "dwarf-with-dsym";
				ENABLE_NS_ASSERTIONS = NO;
				ENABLE_STRICT_OBJC_MSGSEND = YES;
				ENABLE_USER_SCRIPT_SANDBOXING = YES;
				GCC_C_LANGUAGE_STANDARD = gnu17;
				GCC_NO_COMMON_BLOCKS = YES;
				GCC_WARN_64_TO_32_BIT_CONVERSION = YES;
				GCC_WARN_ABOUT_RETURN_TYPE = YES_ERROR;
				GCC_WARN_UNDECLARED_SELECTOR = YES;
				GCC_WARN_UNINITIALIZED_AUTOS = YES_AGGRESSIVE;
				GCC_WARN_UNUSED_FUNCTION = YES;
				GCC_WARN_UNUSED_VARIABLE = YES;
				IPHONEOS_DEPLOYMENT_TARGET = 18.2;
				LOCALIZATION_PREFERS_STRING_CATALOGS = YES;
				MTL_ENABLE_DEBUG_INFO = NO;
				MTL_FAST_MATH = YES;
				SDKROOT = iphoneos;
				SWIFT_COMPILATION_MODE = wholemodule;
				VALIDATE_PRODUCT = YES;
			};
			name = Release;
		};
		5012EE862D67A3C70046DEC2 /* Debug */ = {
			isa = XCBuildConfiguration;
			buildSettings = {
				ASSETCATALOG_COMPILER_APPICON_NAME = AppIcon;
				ASSETCATALOG_COMPILER_GLOBAL_ACCENT_COLOR_NAME = AccentColor;
				CODE_SIGN_STYLE = Automatic;
				CURRENT_PROJECT_VERSION = 1;
				DEVELOPMENT_ASSET_PATHS = "\"vitesse/Preview Content\"";
				DEVELOPMENT_TEAM = GJ746626DJ;
				ENABLE_PREVIEWS = YES;
				GENERATE_INFOPLIST_FILE = YES;
				INFOPLIST_KEY_UIApplicationSceneManifest_Generation = YES;
				INFOPLIST_KEY_UIApplicationSupportsIndirectInputEvents = YES;
				INFOPLIST_KEY_UILaunchScreen_Generation = YES;
				INFOPLIST_KEY_UISupportedInterfaceOrientations_iPad = "UIInterfaceOrientationPortrait UIInterfaceOrientationPortraitUpsideDown UIInterfaceOrientationLandscapeLeft UIInterfaceOrientationLandscapeRight";
				INFOPLIST_KEY_UISupportedInterfaceOrientations_iPhone = "UIInterfaceOrientationPortrait UIInterfaceOrientationLandscapeLeft UIInterfaceOrientationLandscapeRight";
				LD_RUNPATH_SEARCH_PATHS = (
					"$(inherited)",
					"@executable_path/Frameworks",
				);
				MARKETING_VERSION = 1.0;
				PRODUCT_BUNDLE_IDENTIFIER = me.pascaljesenberger.vitesse;
				PRODUCT_NAME = "$(TARGET_NAME)";
				SWIFT_EMIT_LOC_STRINGS = YES;
				SWIFT_VERSION = 5.0;
				TARGETED_DEVICE_FAMILY = "1,2";
			};
			name = Debug;
		};
		5012EE872D67A3C70046DEC2 /* Release */ = {
			isa = XCBuildConfiguration;
			buildSettings = {
				ASSETCATALOG_COMPILER_APPICON_NAME = AppIcon;
				ASSETCATALOG_COMPILER_GLOBAL_ACCENT_COLOR_NAME = AccentColor;
				CODE_SIGN_STYLE = Automatic;
				CURRENT_PROJECT_VERSION = 1;
				DEVELOPMENT_ASSET_PATHS = "\"vitesse/Preview Content\"";
				DEVELOPMENT_TEAM = GJ746626DJ;
				ENABLE_PREVIEWS = YES;
				GENERATE_INFOPLIST_FILE = YES;
				INFOPLIST_KEY_UIApplicationSceneManifest_Generation = YES;
				INFOPLIST_KEY_UIApplicationSupportsIndirectInputEvents = YES;
				INFOPLIST_KEY_UILaunchScreen_Generation = YES;
				INFOPLIST_KEY_UISupportedInterfaceOrientations_iPad = "UIInterfaceOrientationPortrait UIInterfaceOrientationPortraitUpsideDown UIInterfaceOrientationLandscapeLeft UIInterfaceOrientationLandscapeRight";
				INFOPLIST_KEY_UISupportedInterfaceOrientations_iPhone = "UIInterfaceOrientationPortrait UIInterfaceOrientationLandscapeLeft UIInterfaceOrientationLandscapeRight";
				LD_RUNPATH_SEARCH_PATHS = (
					"$(inherited)",
					"@executable_path/Frameworks",
				);
				MARKETING_VERSION = 1.0;
				PRODUCT_BUNDLE_IDENTIFIER = me.pascaljesenberger.vitesse;
				PRODUCT_NAME = "$(TARGET_NAME)";
				SWIFT_EMIT_LOC_STRINGS = YES;
				SWIFT_VERSION = 5.0;
				TARGETED_DEVICE_FAMILY = "1,2";
			};
			name = Release;
		};
		5012EE892D67A3C70046DEC2 /* Debug */ = {
			isa = XCBuildConfiguration;
			buildSettings = {
				BUNDLE_LOADER = "$(TEST_HOST)";
				CODE_SIGN_STYLE = Automatic;
				CURRENT_PROJECT_VERSION = 1;
				DEVELOPMENT_TEAM = GJ746626DJ;
				GENERATE_INFOPLIST_FILE = YES;
				IPHONEOS_DEPLOYMENT_TARGET = 18.2;
				MARKETING_VERSION = 1.0;
				PRODUCT_BUNDLE_IDENTIFIER = me.pascaljesenberger.vitesseTests;
				PRODUCT_NAME = "$(TARGET_NAME)";
				SWIFT_EMIT_LOC_STRINGS = NO;
				SWIFT_VERSION = 5.0;
				TARGETED_DEVICE_FAMILY = "1,2";
				TEST_HOST = "$(BUILT_PRODUCTS_DIR)/vitesse.app/$(BUNDLE_EXECUTABLE_FOLDER_PATH)/vitesse";
			};
			name = Debug;
		};
		5012EE8A2D67A3C70046DEC2 /* Release */ = {
			isa = XCBuildConfiguration;
			buildSettings = {
				BUNDLE_LOADER = "$(TEST_HOST)";
				CODE_SIGN_STYLE = Automatic;
				CURRENT_PROJECT_VERSION = 1;
				DEVELOPMENT_TEAM = GJ746626DJ;
				GENERATE_INFOPLIST_FILE = YES;
				IPHONEOS_DEPLOYMENT_TARGET = 18.2;
				MARKETING_VERSION = 1.0;
				PRODUCT_BUNDLE_IDENTIFIER = me.pascaljesenberger.vitesseTests;
				PRODUCT_NAME = "$(TARGET_NAME)";
				SWIFT_EMIT_LOC_STRINGS = NO;
				SWIFT_VERSION = 5.0;
				TARGETED_DEVICE_FAMILY = "1,2";
				TEST_HOST = "$(BUILT_PRODUCTS_DIR)/vitesse.app/$(BUNDLE_EXECUTABLE_FOLDER_PATH)/vitesse";
			};
			name = Release;
		};
		5012EE8C2D67A3C70046DEC2 /* Debug */ = {
			isa = XCBuildConfiguration;
			buildSettings = {
				CODE_SIGN_STYLE = Automatic;
				CURRENT_PROJECT_VERSION = 1;
				DEVELOPMENT_TEAM = GJ746626DJ;
				GENERATE_INFOPLIST_FILE = YES;
				MARKETING_VERSION = 1.0;
				PRODUCT_BUNDLE_IDENTIFIER = me.pascaljesenberger.vitesseUITests;
				PRODUCT_NAME = "$(TARGET_NAME)";
				SWIFT_EMIT_LOC_STRINGS = NO;
				SWIFT_VERSION = 5.0;
				TARGETED_DEVICE_FAMILY = "1,2";
				TEST_TARGET_NAME = vitesse;
			};
			name = Debug;
		};
		5012EE8D2D67A3C70046DEC2 /* Release */ = {
			isa = XCBuildConfiguration;
			buildSettings = {
				CODE_SIGN_STYLE = Automatic;
				CURRENT_PROJECT_VERSION = 1;
				DEVELOPMENT_TEAM = GJ746626DJ;
				GENERATE_INFOPLIST_FILE = YES;
				MARKETING_VERSION = 1.0;
				PRODUCT_BUNDLE_IDENTIFIER = me.pascaljesenberger.vitesseUITests;
				PRODUCT_NAME = "$(TARGET_NAME)";
				SWIFT_EMIT_LOC_STRINGS = NO;
				SWIFT_VERSION = 5.0;
				TARGETED_DEVICE_FAMILY = "1,2";
				TEST_TARGET_NAME = vitesse;
			};
			name = Release;
		};
/* End XCBuildConfiguration section */

/* Begin XCConfigurationList section */
		5012EE5C2D67A3C40046DEC2 /* Build configuration list for PBXProject "vitesse" */ = {
			isa = XCConfigurationList;
			buildConfigurations = (
				5012EE832D67A3C70046DEC2 /* Debug */,
				5012EE842D67A3C70046DEC2 /* Release */,
			);
			defaultConfigurationIsVisible = 0;
			defaultConfigurationName = Release;
		};
		5012EE852D67A3C70046DEC2 /* Build configuration list for PBXNativeTarget "vitesse" */ = {
			isa = XCConfigurationList;
			buildConfigurations = (
				5012EE862D67A3C70046DEC2 /* Debug */,
				5012EE872D67A3C70046DEC2 /* Release */,
			);
			defaultConfigurationIsVisible = 0;
			defaultConfigurationName = Release;
		};
		5012EE882D67A3C70046DEC2 /* Build configuration list for PBXNativeTarget "vitesseTests" */ = {
			isa = XCConfigurationList;
			buildConfigurations = (
				5012EE892D67A3C70046DEC2 /* Debug */,
				5012EE8A2D67A3C70046DEC2 /* Release */,
			);
			defaultConfigurationIsVisible = 0;
			defaultConfigurationName = Release;
		};
		5012EE8B2D67A3C70046DEC2 /* Build configuration list for PBXNativeTarget "vitesseUITests" */ = {
			isa = XCConfigurationList;
			buildConfigurations = (
				5012EE8C2D67A3C70046DEC2 /* Debug */,
				5012EE8D2D67A3C70046DEC2 /* Release */,
			);
			defaultConfigurationIsVisible = 0;
			defaultConfigurationName = Release;
		};
/* End XCConfigurationList section */
	};
	rootObject = 5012EE592D67A3C40046DEC2 /* Project object */;
}
